
Microsoft Visual Studio Solution File, Format Version 12.00
# Visual Studio Version 16
VisualStudioVersion = 16.0.31613.86
MinimumVisualStudioVersion = 10.0.40219.1
Project("{9A19103F-16F7-4668-BE54-9A1E7A4F7556}") = "DogsHouseService", "DogsHouseService.csproj", "{60568250-CF76-4840-A34B-DB3E9E230DD3}"
EndProject
Project("{FAE04EC0-301F-11D3-BF4B-00C04F79EFBC}") = "DogsHouseServiceTests", "..\DogsHouseServiceTests\DogsHouseServiceTests.csproj", "{A8E986A9-F333-499A-A558-E5D765248071}"
EndProject
Global
	GlobalSection(SolutionConfigurationPlatforms) = preSolution
		Debug|Any CPU = Debug|Any CPU
		Release|Any CPU = Release|Any CPU
	EndGlobalSection
	GlobalSection(ProjectConfigurationPlatforms) = postSolution
		{60568250-CF76-4840-A34B-DB3E9E230DD3}.Debug|Any CPU.ActiveCfg = Debug|Any CPU
		{60568250-CF76-4840-A34B-DB3E9E230DD3}.Debug|Any CPU.Build.0 = Debug|Any CPU
		{60568250-CF76-4840-A34B-DB3E9E230DD3}.Release|Any CPU.ActiveCfg = Release|Any CPU
		{60568250-CF76-4840-A34B-DB3E9E230DD3}.Release|Any CPU.Build.0 = Release|Any CPU
		{A8E986A9-F333-499A-A558-E5D765248071}.Debug|Any CPU.ActiveCfg = Debug|Any CPU
		{A8E986A9-F333-499A-A558-E5D765248071}.Debug|Any CPU.Build.0 = Debug|Any CPU
		{A8E986A9-F333-499A-A558-E5D765248071}.Release|Any CPU.ActiveCfg = Release|Any CPU
		{A8E986A9-F333-499A-A558-E5D765248071}.Release|Any CPU.Build.0 = Release|Any CPU
	EndGlobalSection
	GlobalSection(SolutionProperties) = preSolution
		HideSolutionNode = FALSE
	EndGlobalSection
	GlobalSection(ExtensibilityGlobals) = postSolution
		SolutionGuid = {D1E5DDDA-5A4B-47B2-9736-2519DD29704B}
	EndGlobalSection
EndGlobal
